// !$*UTF8*$!
{
	archiveVersion = 1;
	classes = {
	};
	objectVersion = 46;
	objects = {

/* Begin PBXBuildFile section */
		DE5481F21F6FFED5005E36DE /* AppDelegate.swift in Sources */ = {isa = PBXBuildFile; fileRef = DE5481F11F6FFED5005E36DE /* AppDelegate.swift */; };
		DE5481F41F6FFED5005E36DE /* ViewController.swift in Sources */ = {isa = PBXBuildFile; fileRef = DE5481F31F6FFED5005E36DE /* ViewController.swift */; };
		DE5481F71F6FFED5005E36DE /* Main.storyboard in Resources */ = {isa = PBXBuildFile; fileRef = DE5481F51F6FFED5005E36DE /* Main.storyboard */; };
		DE5481F91F6FFED5005E36DE /* Assets.xcassets in Resources */ = {isa = PBXBuildFile; fileRef = DE5481F81F6FFED5005E36DE /* Assets.xcassets */; };
		DE5481FC1F6FFED5005E36DE /* LaunchScreen.storyboard in Resources */ = {isa = PBXBuildFile; fileRef = DE5481FA1F6FFED5005E36DE /* LaunchScreen.storyboard */; };
		DE5482071F6FFED6005E36DE /* NowJoinUsTests.swift in Sources */ = {isa = PBXBuildFile; fileRef = DE5482061F6FFED6005E36DE /* NowJoinUsTests.swift */; };
		DE5482121F6FFED6005E36DE /* NowJoinUsUITests.swift in Sources */ = {isa = PBXBuildFile; fileRef = DE5482111F6FFED6005E36DE /* NowJoinUsUITests.swift */; };
/* End PBXBuildFile section */

/* Begin PBXContainerItemProxy section */
		DE5482031F6FFED6005E36DE /* PBXContainerItemProxy */ = {
			isa = PBXContainerItemProxy;
			containerPortal = DE5481E61F6FFED5005E36DE /* Project object */;
			proxyType = 1;
			remoteGlobalIDString = DE5481ED1F6FFED5005E36DE;
			remoteInfo = NowJoinUs;
		};
		DE54820E1F6FFED6005E36DE /* PBXContainerItemProxy */ = {
			isa = PBXContainerItemProxy;
			containerPortal = DE5481E61F6FFED5005E36DE /* Project object */;
			proxyType = 1;
			remoteGlobalIDString = DE5481ED1F6FFED5005E36DE;
			remoteInfo = NowJoinUs;
		};
/* End PBXContainerItemProxy section */

/* Begin PBXFileReference section */
		DE5481EE1F6FFED5005E36DE /* NowJoinUs.app */ = {isa = PBXFileReference; explicitFileType = wrapper.application; includeInIndex = 0; path = NowJoinUs.app; sourceTree = BUILT_PRODUCTS_DIR; };
		DE5481F11F6FFED5005E36DE /* AppDelegate.swift */ = {isa = PBXFileReference; lastKnownFileType = sourcecode.swift; path = AppDelegate.swift; sourceTree = "<group>"; };
		DE5481F31F6FFED5005E36DE /* ViewController.swift */ = {isa = PBXFileReference; lastKnownFileType = sourcecode.swift; path = ViewController.swift; sourceTree = "<group>"; };
		DE5481F61F6FFED5005E36DE /* Base */ = {isa = PBXFileReference; lastKnownFileType = file.storyboard; name = Base; path = Base.lproj/Main.storyboard; sourceTree = "<group>"; };
		DE5481F81F6FFED5005E36DE /* Assets.xcassets */ = {isa = PBXFileReference; lastKnownFileType = folder.assetcatalog; path = Assets.xcassets; sourceTree = "<group>"; };
		DE5481FB1F6FFED5005E36DE /* Base */ = {isa = PBXFileReference; lastKnownFileType = file.storyboard; name = Base; path = Base.lproj/LaunchScreen.storyboard; sourceTree = "<group>"; };
		DE5481FD1F6FFED5005E36DE /* Info.plist */ = {isa = PBXFileReference; lastKnownFileType = text.plist.xml; path = Info.plist; sourceTree = "<group>"; };
		DE5482021F6FFED6005E36DE /* NowJoinUsTests.xctest */ = {isa = PBXFileReference; explicitFileType = wrapper.cfbundle; includeInIndex = 0; path = NowJoinUsTests.xctest; sourceTree = BUILT_PRODUCTS_DIR; };
		DE5482061F6FFED6005E36DE /* NowJoinUsTests.swift */ = {isa = PBXFileReference; lastKnownFileType = sourcecode.swift; path = NowJoinUsTests.swift; sourceTree = "<group>"; };
		DE5482081F6FFED6005E36DE /* Info.plist */ = {isa = PBXFileReference; lastKnownFileType = text.plist.xml; path = Info.plist; sourceTree = "<group>"; };
		DE54820D1F6FFED6005E36DE /* NowJoinUsUITests.xctest */ = {isa = PBXFileReference; explicitFileType = wrapper.cfbundle; includeInIndex = 0; path = NowJoinUsUITests.xctest; sourceTree = BUILT_PRODUCTS_DIR; };
		DE5482111F6FFED6005E36DE /* NowJoinUsUITests.swift */ = {isa = PBXFileReference; lastKnownFileType = sourcecode.swift; path = NowJoinUsUITests.swift; sourceTree = "<group>"; };
		DE5482131F6FFED6005E36DE /* Info.plist */ = {isa = PBXFileReference; lastKnownFileType = text.plist.xml; path = Info.plist; sourceTree = "<group>"; };
/* End PBXFileReference section */

/* Begin PBXFrameworksBuildPhase section */
		DE5481EB1F6FFED5005E36DE /* Frameworks */ = {
			isa = PBXFrameworksBuildPhase;
			buildActionMask = 2147483647;
			files = (
			);
			runOnlyForDeploymentPostprocessing = 0;
		};
		DE5481FF1F6FFED6005E36DE /* Frameworks */ = {
			isa = PBXFrameworksBuildPhase;
			buildActionMask = 2147483647;
			files = (
			);
			runOnlyForDeploymentPostprocessing = 0;
		};
		DE54820A1F6FFED6005E36DE /* Frameworks */ = {
			isa = PBXFrameworksBuildPhase;
			buildActionMask = 2147483647;
			files = (
			);
			runOnlyForDeploymentPostprocessing = 0;
		};
/* End PBXFrameworksBuildPhase section */

/* Begin PBXGroup section */
		DE5481E51F6FFED5005E36DE = {
			isa = PBXGroup;
			children = (
				DE5481F01F6FFED5005E36DE /* NowJoinUs */,
				DE5482051F6FFED6005E36DE /* NowJoinUsTests */,
				DE5482101F6FFED6005E36DE /* NowJoinUsUITests */,
				DE5481EF1F6FFED5005E36DE /* Products */,
			);
			sourceTree = "<group>";
		};
		DE5481EF1F6FFED5005E36DE /* Products */ = {
			isa = PBXGroup;
			children = (
				DE5481EE1F6FFED5005E36DE /* NowJoinUs.app */,
				DE5482021F6FFED6005E36DE /* NowJoinUsTests.xctest */,
				DE54820D1F6FFED6005E36DE /* NowJoinUsUITests.xctest */,
			);
			name = Products;
			sourceTree = "<group>";
		};
		DE5481F01F6FFED5005E36DE /* NowJoinUs */ = {
			isa = PBXGroup;
			children = (
				DE5481F11F6FFED5005E36DE /* AppDelegate.swift */,
				DE5481F31F6FFED5005E36DE /* ViewController.swift */,
				DE5481F51F6FFED5005E36DE /* Main.storyboard */,
				DE5481F81F6FFED5005E36DE /* Assets.xcassets */,
				DE5481FA1F6FFED5005E36DE /* LaunchScreen.storyboard */,
				DE5481FD1F6FFED5005E36DE /* Info.plist */,
			);
			path = NowJoinUs;
			sourceTree = "<group>";
		};
		DE5482051F6FFED6005E36DE /* NowJoinUsTests */ = {
			isa = PBXGroup;
			children = (
				DE5482061F6FFED6005E36DE /* NowJoinUsTests.swift */,
				DE5482081F6FFED6005E36DE /* Info.plist */,
			);
			path = NowJoinUsTests;
			sourceTree = "<group>";
		};
		DE5482101F6FFED6005E36DE /* NowJoinUsUITests */ = {
			isa = PBXGroup;
			children = (
				DE5482111F6FFED6005E36DE /* NowJoinUsUITests.swift */,
				DE5482131F6FFED6005E36DE /* Info.plist */,
			);
			path = NowJoinUsUITests;
			sourceTree = "<group>";
		};
/* End PBXGroup section */

/* Begin PBXNativeTarget section */
		DE5481ED1F6FFED5005E36DE /* NowJoinUs */ = {
			isa = PBXNativeTarget;
			buildConfigurationList = DE5482161F6FFED6005E36DE /* Build configuration list for PBXNativeTarget "NowJoinUs" */;
			buildPhases = (
				DE5481EA1F6FFED5005E36DE /* Sources */,
				DE5481EB1F6FFED5005E36DE /* Frameworks */,
				DE5481EC1F6FFED5005E36DE /* Resources */,
			);
			buildRules = (
			);
			dependencies = (
			);
			name = NowJoinUs;
			productName = NowJoinUs;
			productReference = DE5481EE1F6FFED5005E36DE /* NowJoinUs.app */;
			productType = "com.apple.product-type.application";
		};
		DE5482011F6FFED6005E36DE /* NowJoinUsTests */ = {
			isa = PBXNativeTarget;
			buildConfigurationList = DE5482191F6FFED6005E36DE /* Build configuration list for PBXNativeTarget "NowJoinUsTests" */;
			buildPhases = (
				DE5481FE1F6FFED6005E36DE /* Sources */,
				DE5481FF1F6FFED6005E36DE /* Frameworks */,
				DE5482001F6FFED6005E36DE /* Resources */,
			);
			buildRules = (
			);
			dependencies = (
				DE5482041F6FFED6005E36DE /* PBXTargetDependency */,
			);
			name = NowJoinUsTests;
			productName = NowJoinUsTests;
			productReference = DE5482021F6FFED6005E36DE /* NowJoinUsTests.xctest */;
			productType = "com.apple.product-type.bundle.unit-test";
		};
		DE54820C1F6FFED6005E36DE /* NowJoinUsUITests */ = {
			isa = PBXNativeTarget;
			buildConfigurationList = DE54821C1F6FFED6005E36DE /* Build configuration list for PBXNativeTarget "NowJoinUsUITests" */;
			buildPhases = (
				DE5482091F6FFED6005E36DE /* Sources */,
				DE54820A1F6FFED6005E36DE /* Frameworks */,
				DE54820B1F6FFED6005E36DE /* Resources */,
			);
			buildRules = (
			);
			dependencies = (
				DE54820F1F6FFED6005E36DE /* PBXTargetDependency */,
			);
			name = NowJoinUsUITests;
			productName = NowJoinUsUITests;
			productReference = DE54820D1F6FFED6005E36DE /* NowJoinUsUITests.xctest */;
			productType = "com.apple.product-type.bundle.ui-testing";
		};
/* End PBXNativeTarget section */

/* Begin PBXProject section */
		DE5481E61F6FFED5005E36DE /* Project object */ = {
			isa = PBXProject;
			attributes = {
				KnownAssetTags = (
					dwdw,
				);
				LastSwiftUpdateCheck = 0830;
				LastUpgradeCheck = 0830;
				ORGANIZATIONNAME = nju;
				TargetAttributes = {
					DE5481ED1F6FFED5005E36DE = {
						CreatedOnToolsVersion = 8.3.3;
						DevelopmentTeam = 2YHAWL44WP;
						ProvisioningStyle = Automatic;
					};
					DE5482011F6FFED6005E36DE = {
						CreatedOnToolsVersion = 8.3.3;
						ProvisioningStyle = Automatic;
						TestTargetID = DE5481ED1F6FFED5005E36DE;
					};
					DE54820C1F6FFED6005E36DE = {
						CreatedOnToolsVersion = 8.3.3;
						ProvisioningStyle = Automatic;
						TestTargetID = DE5481ED1F6FFED5005E36DE;
					};
				};
			};
			buildConfigurationList = DE5481E91F6FFED5005E36DE /* Build configuration list for PBXProject "NowJoinUs" */;
			compatibilityVersion = "Xcode 3.2";
			developmentRegion = English;
			hasScannedForEncodings = 0;
			knownRegions = (
				en,
				Base,
			);
			mainGroup = DE5481E51F6FFED5005E36DE;
			productRefGroup = DE5481EF1F6FFED5005E36DE /* Products */;
			projectDirPath = "";
			projectRoot = "";
			targets = (
				DE5481ED1F6FFED5005E36DE /* NowJoinUs */,
				DE5482011F6FFED6005E36DE /* NowJoinUsTests */,
				DE54820C1F6FFED6005E36DE /* NowJoinUsUITests */,
			);
		};
/* End PBXProject section */

/* Begin PBXResourcesBuildPhase section */
		DE5481EC1F6FFED5005E36DE /* Resources */ = {
			isa = PBXResourcesBuildPhase;
			buildActionMask = 2147483647;
			files = (
				DE5481FC1F6FFED5005E36DE /* LaunchScreen.storyboard in Resources */,
				DE5481F91F6FFED5005E36DE /* Assets.xcassets in Resources */,
				DE5481F71F6FFED5005E36DE /* Main.storyboard in Resources */,
			);
			runOnlyForDeploymentPostprocessing = 0;
		};
		DE5482001F6FFED6005E36DE /* Resources */ = {
			isa = PBXResourcesBuildPhase;
			buildActionMask = 2147483647;
			files = (
			);
			runOnlyForDeploymentPostprocessing = 0;
		};
		DE54820B1F6FFED6005E36DE /* Resources */ = {
			isa = PBXResourcesBuildPhase;
			buildActionMask = 2147483647;
			files = (
			);
			runOnlyForDeploymentPostprocessing = 0;
		};
/* End PBXResourcesBuildPhase section */

/* Begin PBXSourcesBuildPhase section */
		DE5481EA1F6FFED5005E36DE /* Sources */ = {
			isa = PBXSourcesBuildPhase;
			buildActionMask = 2147483647;
			files = (
				DE5481F41F6FFED5005E36DE /* ViewController.swift in Sources */,
				DE5481F21F6FFED5005E36DE /* AppDelegate.swift in Sources */,
			);
			runOnlyForDeploymentPostprocessing = 0;
		};
		DE5481FE1F6FFED6005E36DE /* Sources */ = {
			isa = PBXSourcesBuildPhase;
			buildActionMask = 2147483647;
			files = (
				DE5482071F6FFED6005E36DE /* NowJoinUsTests.swift in Sources */,
			);
			runOnlyForDeploymentPostprocessing = 0;
		};
		DE5482091F6FFED6005E36DE /* Sources */ = {
			isa = PBXSourcesBuildPhase;
			buildActionMask = 2147483647;
			files = (
				DE5482121F6FFED6005E36DE /* NowJoinUsUITests.swift in Sources */,
			);
			runOnlyForDeploymentPostprocessing = 0;
		};
/* End PBXSourcesBuildPhase section */

/* Begin PBXTargetDependency section */
		DE5482041F6FFED6005E36DE /* PBXTargetDependency */ = {
			isa = PBXTargetDependency;
			target = DE5481ED1F6FFED5005E36DE /* NowJoinUs */;
			targetProxy = DE5482031F6FFED6005E36DE /* PBXContainerItemProxy */;
		};
		DE54820F1F6FFED6005E36DE /* PBXTargetDependency */ = {
			isa = PBXTargetDependency;
			target = DE5481ED1F6FFED5005E36DE /* NowJoinUs */;
			targetProxy = DE54820E1F6FFED6005E36DE /* PBXContainerItemProxy */;
		};
/* End PBXTargetDependency section */

/* Begin PBXVariantGroup section */
		DE5481F51F6FFED5005E36DE /* Main.storyboard */ = {
			isa = PBXVariantGroup;
			children = (
				DE5481F61F6FFED5005E36DE /* Base */,
			);
			name = Main.storyboard;
			sourceTree = "<group>";
		};
		DE5481FA1F6FFED5005E36DE /* LaunchScreen.storyboard */ = {
			isa = PBXVariantGroup;
			children = (
				DE5481FB1F6FFED5005E36DE /* Base */,
			);
			name = LaunchScreen.storyboard;
			sourceTree = "<group>";
		};
/* End PBXVariantGroup section */

/* Begin XCBuildConfiguration section */
		DE5482141F6FFED6005E36DE /* Debug */ = {
			isa = XCBuildConfiguration;
			buildSettings = {
				ALWAYS_SEARCH_USER_PATHS = NO;
				CLANG_ANALYZER_NONNULL = YES;
				CLANG_ANALYZER_NUMBER_OBJECT_CONVERSION = YES_AGGRESSIVE;
				CLANG_CXX_LANGUAGE_STANDARD = "gnu++0x";
				CLANG_CXX_LIBRARY = "libc++";
				CLANG_ENABLE_MODULES = YES;
				CLANG_ENABLE_OBJC_ARC = YES;
				CLANG_WARN_BOOL_CONVERSION = YES;
				CLANG_WARN_CONSTANT_CONVERSION = YES;
				CLANG_WARN_DIRECT_OBJC_ISA_USAGE = YES_ERROR;
				CLANG_WARN_DOCUMENTATION_COMMENTS = YES;
				CLANG_WARN_EMPTY_BODY = YES;
				CLANG_WARN_ENUM_CONVERSION = YES;
				CLANG_WARN_INFINITE_RECURSION = YES;
				CLANG_WARN_INT_CONVERSION = YES;
				CLANG_WARN_OBJC_ROOT_CLASS = YES_ERROR;
				CLANG_WARN_SUSPICIOUS_MOVE = YES;
				CLANG_WARN_UNREACHABLE_CODE = YES;
				CLANG_WARN__DUPLICATE_METHOD_MATCH = YES;
				"CODE_SIGN_IDENTITY[sdk=iphoneos*]" = "iPhone Developer";
				COPY_PHASE_STRIP = NO;
				DEBUG_INFORMATION_FORMAT = dwarf;
				ENABLE_STRICT_OBJC_MSGSEND = YES;
				ENABLE_TESTABILITY = YES;
				GCC_C_LANGUAGE_STANDARD = gnu99;
				GCC_DYNAMIC_NO_PIC = NO;
				GCC_NO_COMMON_BLOCKS = YES;
				GCC_OPTIMIZATION_LEVEL = 0;
				GCC_PREPROCESSOR_DEFINITIONS = (
					"DEBUG=1",
					"$(inherited)",
				);
				GCC_WARN_64_TO_32_BIT_CONVERSION = YES;
				GCC_WARN_ABOUT_RETURN_TYPE = YES_ERROR;
				GCC_WARN_UNDECLARED_SELECTOR = YES;
				GCC_WARN_UNINITIALIZED_AUTOS = YES_AGGRESSIVE;
				GCC_WARN_UNUSED_FUNCTION = YES;
				GCC_WARN_UNUSED_VARIABLE = YES;
				IPHONEOS_DEPLOYMENT_TARGET = 10.3;
				MTL_ENABLE_DEBUG_INFO = YES;
				ONLY_ACTIVE_ARCH = YES;
				SDKROOT = iphoneos;
				SWIFT_ACTIVE_COMPILATION_CONDITIONS = DEBUG;
				SWIFT_OPTIMIZATION_LEVEL = "-Onone";
				TARGETED_DEVICE_FAMILY = "1,2";
			};
			name = Debug;
		};
		DE5482151F6FFED6005E36DE /* Release */ = {
			isa = XCBuildConfiguration;
			buildSettings = {
				ALWAYS_SEARCH_USER_PATHS = NO;
				CLANG_ANALYZER_NONNULL = YES;
				CLANG_ANALYZER_NUMBER_OBJECT_CONVERSION = YES_AGGRESSIVE;
				CLANG_CXX_LANGUAGE_STANDARD = "gnu++0x";
				CLANG_CXX_LIBRARY = "libc++";
				CLANG_ENABLE_MODULES = YES;
				CLANG_ENABLE_OBJC_ARC = YES;
				CLANG_WARN_BOOL_CONVERSION = YES;
				CLANG_WARN_CONSTANT_CONVERSION = YES;
				CLANG_WARN_DIRECT_OBJC_ISA_USAGE = YES_ERROR;
				CLANG_WARN_DOCUMENTATION_COMMENTS = YES;
				CLANG_WARN_EMPTY_BODY = YES;
				CLANG_WARN_ENUM_CONVERSION = YES;
				CLANG_WARN_INFINITE_RECURSION = YES;
				CLANG_WARN_INT_CONVERSION = YES;
				CLANG_WARN_OBJC_ROOT_CLASS = YES_ERROR;
				CLANG_WARN_SUSPICIOUS_MOVE = YES;
				CLANG_WARN_UNREACHABLE_CODE = YES;
				CLANG_WARN__DUPLICATE_METHOD_MATCH = YES;
				"CODE_SIGN_IDENTITY[sdk=iphoneos*]" = "iPhone Developer";
				COPY_PHASE_STRIP = NO;
				DEBUG_INFORMATION_FORMAT = "dwarf-with-dsym";
				ENABLE_NS_ASSERTIONS = NO;
				ENABLE_STRICT_OBJC_MSGSEND = YES;
				GCC_C_LANGUAGE_STANDARD = gnu99;
				GCC_NO_COMMON_BLOCKS = YES;
				GCC_WARN_64_TO_32_BIT_CONVERSION = YES;
				GCC_WARN_ABOUT_RETURN_TYPE = YES_ERROR;
				GCC_WARN_UNDECLARED_SELECTOR = YES;
				GCC_WARN_UNINITIALIZED_AUTOS = YES_AGGRESSIVE;
				GCC_WARN_UNUSED_FUNCTION = YES;
				GCC_WARN_UNUSED_VARIABLE = YES;
				IPHONEOS_DEPLOYMENT_TARGET = 10.3;
				MTL_ENABLE_DEBUG_INFO = NO;
				SDKROOT = iphoneos;
				SWIFT_OPTIMIZATION_LEVEL = "-Owholemodule";
				TARGETED_DEVICE_FAMILY = "1,2";
				VALIDATE_PRODUCT = YES;
			};
			name = Release;
		};
		DE5482171F6FFED6005E36DE /* Debug */ = {
			isa = XCBuildConfiguration;
			buildSettings = {
				ASSETCATALOG_COMPILER_APPICON_NAME = AppIcon;
				DEVELOPMENT_TEAM = 2YHAWL44WP;
				INFOPLIST_FILE = NowJoinUs/Info.plist;
				LD_RUNPATH_SEARCH_PATHS = "$(inherited) @executable_path/Frameworks";
				PRODUCT_BUNDLE_IDENTIFIER = cn.edu.NowJoinUs;
				PRODUCT_NAME = "$(TARGET_NAME)";
				SWIFT_VERSION = 3.0;
			};
			name = Debug;
		};
		DE5482181F6FFED6005E36DE /* Release */ = {
			isa = XCBuildConfiguration;
			buildSettings = {
				ASSETCATALOG_COMPILER_APPICON_NAME = AppIcon;
				DEVELOPMENT_TEAM = 2YHAWL44WP;
				INFOPLIST_FILE = NowJoinUs/Info.plist;
				LD_RUNPATH_SEARCH_PATHS = "$(inherited) @executable_path/Frameworks";
				PRODUCT_BUNDLE_IDENTIFIER = cn.edu.NowJoinUs;
				PRODUCT_NAME = "$(TARGET_NAME)";
				SWIFT_VERSION = 3.0;
			};
			name = Release;
		};
		DE54821A1F6FFED6005E36DE /* Debug */ = {
			isa = XCBuildConfiguration;
			buildSettings = {
				ALWAYS_EMBED_SWIFT_STANDARD_LIBRARIES = YES;
				BUNDLE_LOADER = "$(TEST_HOST)";
				INFOPLIST_FILE = NowJoinUsTests/Info.plist;
				LD_RUNPATH_SEARCH_PATHS = "$(inherited) @executable_path/Frameworks @loader_path/Frameworks";
				PRODUCT_BUNDLE_IDENTIFIER = cn.edu.NowJoinUsTests;
				PRODUCT_NAME = "$(TARGET_NAME)";
				SWIFT_VERSION = 3.0;
				TEST_HOST = "$(BUILT_PRODUCTS_DIR)/NowJoinUs.app/NowJoinUs";
			};
			name = Debug;
		};
		DE54821B1F6FFED6005E36DE /* Release */ = {
			isa = XCBuildConfiguration;
			buildSettings = {
				ALWAYS_EMBED_SWIFT_STANDARD_LIBRARIES = YES;
				BUNDLE_LOADER = "$(TEST_HOST)";
				INFOPLIST_FILE = NowJoinUsTests/Info.plist;
				LD_RUNPATH_SEARCH_PATHS = "$(inherited) @executable_path/Frameworks @loader_path/Frameworks";
				PRODUCT_BUNDLE_IDENTIFIER = cn.edu.NowJoinUsTests;
				PRODUCT_NAME = "$(TARGET_NAME)";
				SWIFT_VERSION = 3.0;
				TEST_HOST = "$(BUILT_PRODUCTS_DIR)/NowJoinUs.app/NowJoinUs";
			};
			name = Release;
		};
		DE54821D1F6FFED6005E36DE /* Debug */ = {
			isa = XCBuildConfiguration;
			buildSettings = {
				ALWAYS_EMBED_SWIFT_STANDARD_LIBRARIES = YES;
				INFOPLIST_FILE = NowJoinUsUITests/Info.plist;
				LD_RUNPATH_SEARCH_PATHS = "$(inherited) @executable_path/Frameworks @loader_path/Frameworks";
				PRODUCT_BUNDLE_IDENTIFIER = cn.edu.NowJoinUsUITests;
				PRODUCT_NAME = "$(TARGET_NAME)";
				SWIFT_VERSION = 3.0;
				TEST_TARGET_NAME = NowJoinUs;
			};
			name = Debug;
		};
		DE54821E1F6FFED6005E36DE /* Release */ = {
			isa = XCBuildConfiguration;
			buildSettings = {
				ALWAYS_EMBED_SWIFT_STANDARD_LIBRARIES = YES;
				INFOPLIST_FILE = NowJoinUsUITests/Info.plist;
				LD_RUNPATH_SEARCH_PATHS = "$(inherited) @executable_path/Frameworks @loader_path/Frameworks";
				PRODUCT_BUNDLE_IDENTIFIER = cn.edu.NowJoinUsUITests;
				PRODUCT_NAME = "$(TARGET_NAME)";
				SWIFT_VERSION = 3.0;
				TEST_TARGET_NAME = NowJoinUs;
			};
			name = Release;
		};
/* End XCBuildConfiguration section */

/* Begin XCConfigurationList section */
		DE5481E91F6FFED5005E36DE /* Build configuration list for PBXProject "NowJoinUs" */ = {
			isa = XCConfigurationList;
			buildConfigurations = (
				DE5482141F6FFED6005E36DE /* Debug */,
				DE5482151F6FFED6005E36DE /* Release */,
			);
			defaultConfigurationIsVisible = 0;
			defaultConfigurationName = Release;
		};
		DE5482161F6FFED6005E36DE /* Build configuration list for PBXNativeTarget "NowJoinUs" */ = {
			isa = XCConfigurationList;
			buildConfigurations = (
				DE5482171F6FFED6005E36DE /* Debug */,
				DE5482181F6FFED6005E36DE /* Release */,
			);
			defaultConfigurationIsVisible = 0;
			defaultConfigurationName = Release;
		};
		DE5482191F6FFED6005E36DE /* Build configuration list for PBXNativeTarget "NowJoinUsTests" */ = {
			isa = XCConfigurationList;
			buildConfigurations = (
				DE54821A1F6FFED6005E36DE /* Debug */,
				DE54821B1F6FFED6005E36DE /* Release */,
			);
			defaultConfigurationIsVisible = 0;
			defaultConfigurationName = Release;
		};
		DE54821C1F6FFED6005E36DE /* Build configuration list for PBXNativeTarget "NowJoinUsUITests" */ = {
			isa = XCConfigurationList;
			buildConfigurations = (
				DE54821D1F6FFED6005E36DE /* Debug */,
				DE54821E1F6FFED6005E36DE /* Release */,
			);
			defaultConfigurationIsVisible = 0;
			defaultConfigurationName = Release;
		};
/* End XCConfigurationList section */
	};
	rootObject = DE5481E61F6FFED5005E36DE /* Project object */;
}
